
Microsoft Visual Studio Solution File, Format Version 12.00
# Visual Studio 15
VisualStudioVersion = 15.0.28010.2036
MinimumVisualStudioVersion = 10.0.40219.1
Project("{FAE04EC0-301F-11D3-BF4B-00C04F79EFBC}") = "Components", "Components\Components.csproj", "{4F938C5E-374E-4AF6-A4FC-94C904CB261F}"
EndProject
Global
	GlobalSection(SolutionConfigurationPlatforms) = preSolution
		Debug|Any CPU = Debug|Any CPU
		Release|Any CPU = Release|Any CPU
	EndGlobalSection
	GlobalSection(ProjectConfigurationPlatforms) = postSolution
		{4F938C5E-374E-4AF6-A4FC-94C904CB261F}.Debug|Any CPU.ActiveCfg = Debug|Any CPU
		{4F938C5E-374E-4AF6-A4FC-94C904CB261F}.Debug|Any CPU.Build.0 = Debug|Any CPU
		{4F938C5E-374E-4AF6-A4FC-94C904CB261F}.Release|Any CPU.ActiveCfg = Release|Any CPU
		{4F938C5E-374E-4AF6-A4FC-94C904CB261F}.Release|Any CPU.Build.0 = Release|Any CPU
	EndGlobalSection
	GlobalSection(SolutionProperties) = preSolution
		HideSolutionNode = FALSE
	EndGlobalSection
	GlobalSection(ExtensibilityGlobals) = postSolution
		SolutionGuid = {01667326-A790-4EB9-9E5A-3324767957BD}
	EndGlobalSection
EndGlobal
